// !$*UTF8*$!
{
	archiveVersion = 1;
	classes = {
	};
	objectVersion = 46;
	objects = {

/* Begin PBXBuildFile section */
		3B785AA81CDEE3020086248A /* AppDelegate.swift in Sources */ = {isa = PBXBuildFile; fileRef = 3B785AA71CDEE3020086248A /* AppDelegate.swift */; };
		3B785AAA1CDEE3020086248A /* ViewController.swift in Sources */ = {isa = PBXBuildFile; fileRef = 3B785AA91CDEE3020086248A /* ViewController.swift */; };
		3B785AAD1CDEE3020086248A /* Main.storyboard in Resources */ = {isa = PBXBuildFile; fileRef = 3B785AAB1CDEE3020086248A /* Main.storyboard */; };
		3B785AAF1CDEE3020086248A /* Assets.xcassets in Resources */ = {isa = PBXBuildFile; fileRef = 3B785AAE1CDEE3020086248A /* Assets.xcassets */; };
		3B785AB21CDEE3020086248A /* LaunchScreen.storyboard in Resources */ = {isa = PBXBuildFile; fileRef = 3B785AB01CDEE3020086248A /* LaunchScreen.storyboard */; };
		3B785ABB1CDEE3480086248A /* SLHeaderView.swift in Sources */ = {isa = PBXBuildFile; fileRef = 3B785ABA1CDEE3480086248A /* SLHeaderView.swift */; };
		3B785ABD1CDF18560086248A /* SLRefreshHeaderView.swift in Sources */ = {isa = PBXBuildFile; fileRef = 3B785ABC1CDF18560086248A /* SLRefreshHeaderView.swift */; };
/* End PBXBuildFile section */

/* Begin PBXFileReference section */
		3B785AA41CDEE3020086248A /* SLRefreshDemo.app */ = {isa = PBXFileReference; explicitFileType = wrapper.application; includeInIndex = 0; path = SLRefreshDemo.app; sourceTree = BUILT_PRODUCTS_DIR; };
		3B785AA71CDEE3020086248A /* AppDelegate.swift */ = {isa = PBXFileReference; lastKnownFileType = sourcecode.swift; path = AppDelegate.swift; sourceTree = "<group>"; };
		3B785AA91CDEE3020086248A /* ViewController.swift */ = {isa = PBXFileReference; lastKnownFileType = sourcecode.swift; path = ViewController.swift; sourceTree = "<group>"; };
		3B785AAC1CDEE3020086248A /* Base */ = {isa = PBXFileReference; lastKnownFileType = file.storyboard; name = Base; path = Base.lproj/Main.storyboard; sourceTree = "<group>"; };
		3B785AAE1CDEE3020086248A /* Assets.xcassets */ = {isa = PBXFileReference; lastKnownFileType = folder.assetcatalog; path = Assets.xcassets; sourceTree = "<group>"; };
		3B785AB11CDEE3020086248A /* Base */ = {isa = PBXFileReference; lastKnownFileType = file.storyboard; name = Base; path = Base.lproj/LaunchScreen.storyboard; sourceTree = "<group>"; };
		3B785AB31CDEE3020086248A /* Info.plist */ = {isa = PBXFileReference; lastKnownFileType = text.plist.xml; path = Info.plist; sourceTree = "<group>"; };
		3B785ABA1CDEE3480086248A /* SLHeaderView.swift */ = {isa = PBXFileReference; fileEncoding = 4; lastKnownFileType = sourcecode.swift; path = SLHeaderView.swift; sourceTree = "<group>"; };
		3B785ABC1CDF18560086248A /* SLRefreshHeaderView.swift */ = {isa = PBXFileReference; fileEncoding = 4; lastKnownFileType = sourcecode.swift; path = SLRefreshHeaderView.swift; sourceTree = "<group>"; };
/* End PBXFileReference section */

/* Begin PBXFrameworksBuildPhase section */
		3B785AA11CDEE3020086248A /* Frameworks */ = {
			isa = PBXFrameworksBuildPhase;
			buildActionMask = 2147483647;
			files = (
			);
			runOnlyForDeploymentPostprocessing = 0;
		};
/* End PBXFrameworksBuildPhase section */

/* Begin PBXGroup section */
		3B785A9B1CDEE3020086248A = {
			isa = PBXGroup;
			children = (
				3B785AA61CDEE3020086248A /* SLRefreshDemo */,
				3B785AA51CDEE3020086248A /* Products */,
			);
			sourceTree = "<group>";
		};
		3B785AA51CDEE3020086248A /* Products */ = {
			isa = PBXGroup;
			children = (
				3B785AA41CDEE3020086248A /* SLRefreshDemo.app */,
			);
			name = Products;
			sourceTree = "<group>";
		};
		3B785AA61CDEE3020086248A /* SLRefreshDemo */ = {
			isa = PBXGroup;
			children = (
				3B785AB91CDEE3060086248A /* SLRefresh */,
				3B785AA71CDEE3020086248A /* AppDelegate.swift */,
				3B785AA91CDEE3020086248A /* ViewController.swift */,
				3B785AAB1CDEE3020086248A /* Main.storyboard */,
				3B785AAE1CDEE3020086248A /* Assets.xcassets */,
				3B785AB01CDEE3020086248A /* LaunchScreen.storyboard */,
				3B785AB31CDEE3020086248A /* Info.plist */,
			);
			path = SLRefreshDemo;
			sourceTree = "<group>";
		};
		3B785AB91CDEE3060086248A /* SLRefresh */ = {
			isa = PBXGroup;
			children = (
				3B785ABA1CDEE3480086248A /* SLHeaderView.swift */,
				3B785ABC1CDF18560086248A /* SLRefreshHeaderView.swift */,
			);
			name = SLRefresh;
			sourceTree = "<group>";
		};
/* End PBXGroup section */

/* Begin PBXNativeTarget section */
		3B785AA31CDEE3020086248A /* SLRefreshDemo */ = {
			isa = PBXNativeTarget;
			buildConfigurationList = 3B785AB61CDEE3020086248A /* Build configuration list for PBXNativeTarget "SLRefreshDemo" */;
			buildPhases = (
				3B785AA01CDEE3020086248A /* Sources */,
				3B785AA11CDEE3020086248A /* Frameworks */,
				3B785AA21CDEE3020086248A /* Resources */,
			);
			buildRules = (
			);
			dependencies = (
			);
			name = SLRefreshDemo;
			productName = SLRefreshDemo;
			productReference = 3B785AA41CDEE3020086248A /* SLRefreshDemo.app */;
			productType = "com.apple.product-type.application";
		};
/* End PBXNativeTarget section */

/* Begin PBXProject section */
		3B785A9C1CDEE3020086248A /* Project object */ = {
			isa = PBXProject;
			attributes = {
				LastSwiftUpdateCheck = 0730;
				LastUpgradeCheck = 0730;
				ORGANIZATIONNAME = RobuSoft;
				TargetAttributes = {
					3B785AA31CDEE3020086248A = {
						CreatedOnToolsVersion = 7.3;
					};
				};
			};
			buildConfigurationList = 3B785A9F1CDEE3020086248A /* Build configuration list for PBXProject "SLRefreshDemo" */;
			compatibilityVersion = "Xcode 3.2";
			developmentRegion = English;
			hasScannedForEncodings = 0;
			knownRegions = (
				en,
				Base,
			);
			mainGroup = 3B785A9B1CDEE3020086248A;
			productRefGroup = 3B785AA51CDEE3020086248A /* Products */;
			projectDirPath = "";
			projectRoot = "";
			targets = (
				3B785AA31CDEE3020086248A /* SLRefreshDemo */,
			);
		};
/* End PBXProject section */

/* Begin PBXResourcesBuildPhase section */
		3B785AA21CDEE3020086248A /* Resources */ = {
			isa = PBXResourcesBuildPhase;
			buildActionMask = 2147483647;
			files = (
				3B785AB21CDEE3020086248A /* LaunchScreen.storyboard in Resources */,
				3B785AAF1CDEE3020086248A /* Assets.xcassets in Resources */,
				3B785AAD1CDEE3020086248A /* Main.storyboard in Resources */,
			);
			runOnlyForDeploymentPostprocessing = 0;
		};
/* End PBXResourcesBuildPhase section */

/* Begin PBXSourcesBuildPhase section */
		3B785AA01CDEE3020086248A /* Sources */ = {
			isa = PBXSourcesBuildPhase;
			buildActionMask = 2147483647;
			files = (
				3B785ABB1CDEE3480086248A /* SLHeaderView.swift in Sources */,
				3B785AAA1CDEE3020086248A /* ViewController.swift in Sources */,
				3B785ABD1CDF18560086248A /* SLRefreshHeaderView.swift in Sources */,
				3B785AA81CDEE3020086248A /* AppDelegate.swift in Sources */,
			);
			runOnlyForDeploymentPostprocessing = 0;
		};
/* End PBXSourcesBuildPhase section */

/* Begin PBXVariantGroup section */
		3B785AAB1CDEE3020086248A /* Main.storyboard */ = {
			isa = PBXVariantGroup;
			children = (
				3B785AAC1CDEE3020086248A /* Base */,
			);
			name = Main.storyboard;
			sourceTree = "<group>";
		};
		3B785AB01CDEE3020086248A /* LaunchScreen.storyboard */ = {
			isa = PBXVariantGroup;
			children = (
				3B785AB11CDEE3020086248A /* Base */,
			);
			name = LaunchScreen.storyboard;
			sourceTree = "<group>";
		};
/* End PBXVariantGroup section */

/* Begin XCBuildConfiguration section */
		3B785AB41CDEE3020086248A /* Debug */ = {
			isa = XCBuildConfiguration;
			buildSettings = {
				ALWAYS_SEARCH_USER_PATHS = NO;
				CLANG_ANALYZER_NONNULL = YES;
				CLANG_CXX_LANGUAGE_STANDARD = "gnu++0x";
				CLANG_CXX_LIBRARY = "libc++";
				CLANG_ENABLE_MODULES = YES;
				CLANG_ENABLE_OBJC_ARC = YES;
				CLANG_WARN_BOOL_CONVERSION = YES;
				CLANG_WARN_CONSTANT_CONVERSION = YES;
				CLANG_WARN_DIRECT_OBJC_ISA_USAGE = YES_ERROR;
				CLANG_WARN_EMPTY_BODY = YES;
				CLANG_WARN_ENUM_CONVERSION = YES;
				CLANG_WARN_INT_CONVERSION = YES;
				CLANG_WARN_OBJC_ROOT_CLASS = YES_ERROR;
				CLANG_WARN_UNREACHABLE_CODE = YES;
				CLANG_WARN__DUPLICATE_METHOD_MATCH = YES;
				"CODE_SIGN_IDENTITY[sdk=iphoneos*]" = "iPhone Developer";
				COPY_PHASE_STRIP = NO;
				DEBUG_INFORMATION_FORMAT = dwarf;
				ENABLE_STRICT_OBJC_MSGSEND = YES;
				ENABLE_TESTABILITY = YES;
				GCC_C_LANGUAGE_STANDARD = gnu99;
				GCC_DYNAMIC_NO_PIC = NO;
				GCC_NO_COMMON_BLOCKS = YES;
				GCC_OPTIMIZATION_LEVEL = 0;
				GCC_PREPROCESSOR_DEFINITIONS = (
					"DEBUG=1",
					"$(inherited)",
				);
				GCC_WARN_64_TO_32_BIT_CONVERSION = YES;
				GCC_WARN_ABOUT_RETURN_TYPE = YES_ERROR;
				GCC_WARN_UNDECLARED_SELECTOR = YES;
				GCC_WARN_UNINITIALIZED_AUTOS = YES_AGGRESSIVE;
				GCC_WARN_UNUSED_FUNCTION = YES;
				GCC_WARN_UNUSED_VARIABLE = YES;
				IPHONEOS_DEPLOYMENT_TARGET = 9.3;
				MTL_ENABLE_DEBUG_INFO = YES;
				ONLY_ACTIVE_ARCH = YES;
				SDKROOT = iphoneos;
				SWIFT_OPTIMIZATION_LEVEL = "-Onone";
			};
			name = Debug;
		};
		3B785AB51CDEE3020086248A /* Release */ = {
			isa = XCBuildConfiguration;
			buildSettings = {
				ALWAYS_SEARCH_USER_PATHS = NO;
				CLANG_ANALYZER_NONNULL = YES;
				CLANG_CXX_LANGUAGE_STANDARD = "gnu++0x";
				CLANG_CXX_LIBRARY = "libc++";
				CLANG_ENABLE_MODULES = YES;
				CLANG_ENABLE_OBJC_ARC = YES;
				CLANG_WARN_BOOL_CONVERSION = YES;
				CLANG_WARN_CONSTANT_CONVERSION = YES;
				CLANG_WARN_DIRECT_OBJC_ISA_USAGE = YES_ERROR;
				CLANG_WARN_EMPTY_BODY = YES;
				CLANG_WARN_ENUM_CONVERSION = YES;
				CLANG_WARN_INT_CONVERSION = YES;
				CLANG_WARN_OBJC_ROOT_CLASS = YES_ERROR;
				CLANG_WARN_UNREACHABLE_CODE = YES;
				CLANG_WARN__DUPLICATE_METHOD_MATCH = YES;
				"CODE_SIGN_IDENTITY[sdk=iphoneos*]" = "iPhone Developer";
				COPY_PHASE_STRIP = NO;
				DEBUG_INFORMATION_FORMAT = "dwarf-with-dsym";
				ENABLE_NS_ASSERTIONS = NO;
				ENABLE_STRICT_OBJC_MSGSEND = YES;
				GCC_C_LANGUAGE_STANDARD = gnu99;
				GCC_NO_COMMON_BLOCKS = YES;
				GCC_WARN_64_TO_32_BIT_CONVERSION = YES;
				GCC_WARN_ABOUT_RETURN_TYPE = YES_ERROR;
				GCC_WARN_UNDECLARED_SELECTOR = YES;
				GCC_WARN_UNINITIALIZED_AUTOS = YES_AGGRESSIVE;
				GCC_WARN_UNUSED_FUNCTION = YES;
				GCC_WARN_UNUSED_VARIABLE = YES;
				IPHONEOS_DEPLOYMENT_TARGET = 9.3;
				MTL_ENABLE_DEBUG_INFO = NO;
				SDKROOT = iphoneos;
				VALIDATE_PRODUCT = YES;
			};
			name = Release;
		};
		3B785AB71CDEE3020086248A /* Debug */ = {
			isa = XCBuildConfiguration;
			buildSettings = {
				ASSETCATALOG_COMPILER_APPICON_NAME = AppIcon;
				INFOPLIST_FILE = SLRefreshDemo/Info.plist;
				LD_RUNPATH_SEARCH_PATHS = "$(inherited) @executable_path/Frameworks";
				PRODUCT_BUNDLE_IDENTIFIER = cn.com.robusoft.SLRefreshDemo;
				PRODUCT_NAME = "$(TARGET_NAME)";
			};
			name = Debug;
		};
		3B785AB81CDEE3020086248A /* Release */ = {
			isa = XCBuildConfiguration;
			buildSettings = {
				ASSETCATALOG_COMPILER_APPICON_NAME = AppIcon;
				INFOPLIST_FILE = SLRefreshDemo/Info.plist;
				LD_RUNPATH_SEARCH_PATHS = "$(inherited) @executable_path/Frameworks";
				PRODUCT_BUNDLE_IDENTIFIER = cn.com.robusoft.SLRefreshDemo;
				PRODUCT_NAME = "$(TARGET_NAME)";
			};
			name = Release;
		};
/* End XCBuildConfiguration section */

/* Begin XCConfigurationList section */
		3B785A9F1CDEE3020086248A /* Build configuration list for PBXProject "SLRefreshDemo" */ = {
			isa = XCConfigurationList;
			buildConfigurations = (
				3B785AB41CDEE3020086248A /* Debug */,
				3B785AB51CDEE3020086248A /* Release */,
			);
			defaultConfigurationIsVisible = 0;
			defaultConfigurationName = Release;
		};
		3B785AB61CDEE3020086248A /* Build configuration list for PBXNativeTarget "SLRefreshDemo" */ = {
			isa = XCConfigurationList;
			buildConfigurations = (
				3B785AB71CDEE3020086248A /* Debug */,
				3B785AB81CDEE3020086248A /* Release */,
			);
			defaultConfigurationIsVisible = 0;
		};
/* End XCConfigurationList section */
	};
	rootObject = 3B785A9C1CDEE3020086248A /* Project object */;
}
